
Microsoft Visual Studio Solution File, Format Version 12.00
# Visual Studio 15
VisualStudioVersion = 15.0.26124.0
MinimumVisualStudioVersion = 15.0.26124.0
Project("{2150E333-8FDC-42A3-9474-1A3956D46DE8}") = "src", "src", "{3862F504-3869-4DAB-8767-1F2D21A0181F}"
EndProject
Project("{FAE04EC0-301F-11D3-BF4B-00C04F79EFBC}") = "Consensus", "src\Consensus\Consensus.csproj", "{5FC2EAED-4428-4532-9D83-2819F52072EB}"
EndProject
Project("{2150E333-8FDC-42A3-9474-1A3956D46DE8}") = "tests", "tests", "{47B852FC-E2C4-4EC2-9313-FF2DA09A12E3}"
EndProject
Project("{FAE04EC0-301F-11D3-BF4B-00C04F79EFBC}") = "Consensus.UnitTests", "tests\Consensus.UnitTests\Consensus.UnitTests.csproj", "{CD4F8CC1-BEE1-47EE-A9FA-5777CF467C66}"
EndProject
Project("{FAE04EC0-301F-11D3-BF4B-00C04F79EFBC}") = "Satisfaction", "src\Satisfaction\Satisfaction.csproj", "{049CA332-4A9B-492C-92EB-5777AC1B3E36}"
EndProject
Global
	GlobalSection(SolutionConfigurationPlatforms) = preSolution
		Debug|Any CPU = Debug|Any CPU
		Debug|x64 = Debug|x64
		Debug|x86 = Debug|x86
		Release|Any CPU = Release|Any CPU
		Release|x64 = Release|x64
		Release|x86 = Release|x86
	EndGlobalSection
	GlobalSection(SolutionProperties) = preSolution
		HideSolutionNode = FALSE
	EndGlobalSection
	GlobalSection(ProjectConfigurationPlatforms) = postSolution
		{5FC2EAED-4428-4532-9D83-2819F52072EB}.Debug|Any CPU.ActiveCfg = Debug|Any CPU
		{5FC2EAED-4428-4532-9D83-2819F52072EB}.Debug|Any CPU.Build.0 = Debug|Any CPU
		{5FC2EAED-4428-4532-9D83-2819F52072EB}.Debug|x64.ActiveCfg = Debug|Any CPU
		{5FC2EAED-4428-4532-9D83-2819F52072EB}.Debug|x64.Build.0 = Debug|Any CPU
		{5FC2EAED-4428-4532-9D83-2819F52072EB}.Debug|x86.ActiveCfg = Debug|Any CPU
		{5FC2EAED-4428-4532-9D83-2819F52072EB}.Debug|x86.Build.0 = Debug|Any CPU
		{5FC2EAED-4428-4532-9D83-2819F52072EB}.Release|Any CPU.ActiveCfg = Release|Any CPU
		{5FC2EAED-4428-4532-9D83-2819F52072EB}.Release|Any CPU.Build.0 = Release|Any CPU
		{5FC2EAED-4428-4532-9D83-2819F52072EB}.Release|x64.ActiveCfg = Release|Any CPU
		{5FC2EAED-4428-4532-9D83-2819F52072EB}.Release|x64.Build.0 = Release|Any CPU
		{5FC2EAED-4428-4532-9D83-2819F52072EB}.Release|x86.ActiveCfg = Release|Any CPU
		{5FC2EAED-4428-4532-9D83-2819F52072EB}.Release|x86.Build.0 = Release|Any CPU
		{CD4F8CC1-BEE1-47EE-A9FA-5777CF467C66}.Debug|Any CPU.ActiveCfg = Debug|Any CPU
		{CD4F8CC1-BEE1-47EE-A9FA-5777CF467C66}.Debug|Any CPU.Build.0 = Debug|Any CPU
		{CD4F8CC1-BEE1-47EE-A9FA-5777CF467C66}.Debug|x64.ActiveCfg = Debug|Any CPU
		{CD4F8CC1-BEE1-47EE-A9FA-5777CF467C66}.Debug|x64.Build.0 = Debug|Any CPU
		{CD4F8CC1-BEE1-47EE-A9FA-5777CF467C66}.Debug|x86.ActiveCfg = Debug|Any CPU
		{CD4F8CC1-BEE1-47EE-A9FA-5777CF467C66}.Debug|x86.Build.0 = Debug|Any CPU
		{CD4F8CC1-BEE1-47EE-A9FA-5777CF467C66}.Release|Any CPU.ActiveCfg = Release|Any CPU
		{CD4F8CC1-BEE1-47EE-A9FA-5777CF467C66}.Release|Any CPU.Build.0 = Release|Any CPU
		{CD4F8CC1-BEE1-47EE-A9FA-5777CF467C66}.Release|x64.ActiveCfg = Release|Any CPU
		{CD4F8CC1-BEE1-47EE-A9FA-5777CF467C66}.Release|x64.Build.0 = Release|Any CPU
		{CD4F8CC1-BEE1-47EE-A9FA-5777CF467C66}.Release|x86.ActiveCfg = Release|Any CPU
		{CD4F8CC1-BEE1-47EE-A9FA-5777CF467C66}.Release|x86.Build.0 = Release|Any CPU
		{049CA332-4A9B-492C-92EB-5777AC1B3E36}.Debug|Any CPU.ActiveCfg = Debug|Any CPU
		{049CA332-4A9B-492C-92EB-5777AC1B3E36}.Debug|Any CPU.Build.0 = Debug|Any CPU
		{049CA332-4A9B-492C-92EB-5777AC1B3E36}.Debug|x64.ActiveCfg = Debug|Any CPU
		{049CA332-4A9B-492C-92EB-5777AC1B3E36}.Debug|x64.Build.0 = Debug|Any CPU
		{049CA332-4A9B-492C-92EB-5777AC1B3E36}.Debug|x86.ActiveCfg = Debug|Any CPU
		{049CA332-4A9B-492C-92EB-5777AC1B3E36}.Debug|x86.Build.0 = Debug|Any CPU
		{049CA332-4A9B-492C-92EB-5777AC1B3E36}.Release|Any CPU.ActiveCfg = Release|Any CPU
		{049CA332-4A9B-492C-92EB-5777AC1B3E36}.Release|Any CPU.Build.0 = Release|Any CPU
		{049CA332-4A9B-492C-92EB-5777AC1B3E36}.Release|x64.ActiveCfg = Release|Any CPU
		{049CA332-4A9B-492C-92EB-5777AC1B3E36}.Release|x64.Build.0 = Release|Any CPU
		{049CA332-4A9B-492C-92EB-5777AC1B3E36}.Release|x86.ActiveCfg = Release|Any CPU
		{049CA332-4A9B-492C-92EB-5777AC1B3E36}.Release|x86.Build.0 = Release|Any CPU
	EndGlobalSection
	GlobalSection(NestedProjects) = preSolution
		{5FC2EAED-4428-4532-9D83-2819F52072EB} = {3862F504-3869-4DAB-8767-1F2D21A0181F}
		{CD4F8CC1-BEE1-47EE-A9FA-5777CF467C66} = {47B852FC-E2C4-4EC2-9313-FF2DA09A12E3}
		{049CA332-4A9B-492C-92EB-5777AC1B3E36} = {3862F504-3869-4DAB-8767-1F2D21A0181F}
	EndGlobalSection
EndGlobal
